// !$*UTF8*$!
{
	archiveVersion = 1;
	classes = {
	};
	objectVersion = 50;
	objects = {

/* Begin PBXBuildFile section */
		91D09BC06704464A66CAA87F /* Pods_Gymnastic.framework in Frameworks */ = {isa = PBXBuildFile; fileRef = D5F1499FAFF56A7626CE579E /* Pods_Gymnastic.framework */; };
		E60502D92133E79C00044FF0 /* GExerciseDetail.swift in Sources */ = {isa = PBXBuildFile; fileRef = E60502D72133E79C00044FF0 /* GExerciseDetail.swift */; };
		E60502DA2133E79C00044FF0 /* GExerciseDetail.xib in Resources */ = {isa = PBXBuildFile; fileRef = E60502D82133E79C00044FF0 /* GExerciseDetail.xib */; };
		E60502DC2133EC4000044FF0 /* GNavigation+ExerciseView.swift in Sources */ = {isa = PBXBuildFile; fileRef = E60502DB2133EC4000044FF0 /* GNavigation+ExerciseView.swift */; };
		E63AC3A321339FA2005983A1 /* GExerciseCell.swift in Sources */ = {isa = PBXBuildFile; fileRef = E63AC3A121339FA2005983A1 /* GExerciseCell.swift */; };
		E63AC3A421339FA2005983A1 /* GExerciseCell.xib in Resources */ = {isa = PBXBuildFile; fileRef = E63AC3A221339FA2005983A1 /* GExerciseCell.xib */; };
		E69F6492212FA82D00E7C167 /* GExerciseView.swift in Sources */ = {isa = PBXBuildFile; fileRef = E69F6490212FA82D00E7C167 /* GExerciseView.swift */; };
		E69F6493212FA82D00E7C167 /* GExerciseView.xib in Resources */ = {isa = PBXBuildFile; fileRef = E69F6491212FA82D00E7C167 /* GExerciseView.xib */; };
		E69F6498212FAE9B00E7C167 /* GIndicatorTabView.swift in Sources */ = {isa = PBXBuildFile; fileRef = E69F6497212FAE9B00E7C167 /* GIndicatorTabView.swift */; };
		E69F649C212FB0A200E7C167 /* GConstant.swift in Sources */ = {isa = PBXBuildFile; fileRef = E69F649B212FB0A200E7C167 /* GConstant.swift */; };
		E69F649E212FC3CE00E7C167 /* GNavigation+GymView.swift in Sources */ = {isa = PBXBuildFile; fileRef = E69F649D212FC3CE00E7C167 /* GNavigation+GymView.swift */; };
		E6C441AD212EB9BB008AE44A /* Localizable.strings in Resources */ = {isa = PBXBuildFile; fileRef = E6C441AF212EB9BB008AE44A /* Localizable.strings */; };
		FE5EA229212D3D3900501B9C /* GTabbarController.swift in Sources */ = {isa = PBXBuildFile; fileRef = FE5EA228212D3D3900501B9C /* GTabbarController.swift */; };
		FE5EA22C212D3DAE00501B9C /* GGymView.swift in Sources */ = {isa = PBXBuildFile; fileRef = FE5EA22A212D3DAE00501B9C /* GGymView.swift */; };
		FE5EA22D212D3DAE00501B9C /* GGymView.xib in Resources */ = {isa = PBXBuildFile; fileRef = FE5EA22B212D3DAE00501B9C /* GGymView.xib */; };
		FE5EA232212D3DDE00501B9C /* GHistoryView.swift in Sources */ = {isa = PBXBuildFile; fileRef = FE5EA230212D3DDE00501B9C /* GHistoryView.swift */; };
		FE5EA233212D3DDE00501B9C /* GHistoryView.xib in Resources */ = {isa = PBXBuildFile; fileRef = FE5EA231212D3DDE00501B9C /* GHistoryView.xib */; };
		FE5EA238212D3E0E00501B9C /* GReportView.swift in Sources */ = {isa = PBXBuildFile; fileRef = FE5EA236212D3E0E00501B9C /* GReportView.swift */; };
		FE5EA239212D3E0E00501B9C /* GReportView.xib in Resources */ = {isa = PBXBuildFile; fileRef = FE5EA237212D3E0E00501B9C /* GReportView.xib */; };
		FE5EA23C212D3EEF00501B9C /* GCardioView.swift in Sources */ = {isa = PBXBuildFile; fileRef = FE5EA23A212D3EEF00501B9C /* GCardioView.swift */; };
		FE5EA23D212D3EEF00501B9C /* GCardioView.xib in Resources */ = {isa = PBXBuildFile; fileRef = FE5EA23B212D3EEF00501B9C /* GCardioView.xib */; };
		FE5EA240212D3F1800501B9C /* GMainMenuView.swift in Sources */ = {isa = PBXBuildFile; fileRef = FE5EA23E212D3F1800501B9C /* GMainMenuView.swift */; };
		FE5EA241212D3F1800501B9C /* GMainMenuView.xib in Resources */ = {isa = PBXBuildFile; fileRef = FE5EA23F212D3F1800501B9C /* GMainMenuView.xib */; };
		FE5EA245212D533C00501B9C /* GMainMenuTableCell.swift in Sources */ = {isa = PBXBuildFile; fileRef = FE5EA243212D533C00501B9C /* GMainMenuTableCell.swift */; };
		FE5EA246212D533C00501B9C /* GMainMenuTableCell.xib in Resources */ = {isa = PBXBuildFile; fileRef = FE5EA244212D533C00501B9C /* GMainMenuTableCell.xib */; };
		FEB81F90212E581700BCC78D /* GEnum.swift in Sources */ = {isa = PBXBuildFile; fileRef = FEB81F8F212E581700BCC78D /* GEnum.swift */; };
		FEB81F93212E5B5A00BCC78D /* GNavigation+MainMenuVM.swift in Sources */ = {isa = PBXBuildFile; fileRef = FEB81F92212E5B5A00BCC78D /* GNavigation+MainMenuVM.swift */; };
		FEB81F97212E619C00BCC78D /* GSynchronizeView.swift in Sources */ = {isa = PBXBuildFile; fileRef = FEB81F95212E619C00BCC78D /* GSynchronizeView.swift */; };
		FEB81F98212E619C00BCC78D /* GSynchronizeView.xib in Resources */ = {isa = PBXBuildFile; fileRef = FEB81F96212E619C00BCC78D /* GSynchronizeView.xib */; };
		FEB81F9C212E6ACD00BCC78D /* GGymCollectionCell.swift in Sources */ = {isa = PBXBuildFile; fileRef = FEB81F9A212E6ACD00BCC78D /* GGymCollectionCell.swift */; };
		FEB81F9D212E6ACD00BCC78D /* GGymCollectionCell.xib in Resources */ = {isa = PBXBuildFile; fileRef = FEB81F9B212E6ACD00BCC78D /* GGymCollectionCell.xib */; };
		FED7BA7E212C0A8C00DB9523 /* AppDelegate.swift in Sources */ = {isa = PBXBuildFile; fileRef = FED7BA7D212C0A8C00DB9523 /* AppDelegate.swift */; };
		FED7BA85212C0A8E00DB9523 /* Assets.xcassets in Resources */ = {isa = PBXBuildFile; fileRef = FED7BA84212C0A8E00DB9523 /* Assets.xcassets */; };
		FED7BA88212C0A8E00DB9523 /* LaunchScreen.storyboard in Resources */ = {isa = PBXBuildFile; fileRef = FED7BA86212C0A8E00DB9523 /* LaunchScreen.storyboard */; };
		FED7BA93212C18F500DB9523 /* GBaseView.swift in Sources */ = {isa = PBXBuildFile; fileRef = FED7BA92212C18F500DB9523 /* GBaseView.swift */; };
		FED7BA95212C190800DB9523 /* GBaseViewModel.swift in Sources */ = {isa = PBXBuildFile; fileRef = FED7BA94212C190800DB9523 /* GBaseViewModel.swift */; };
		FED7BA97212C191700DB9523 /* GBaseModel.swift in Sources */ = {isa = PBXBuildFile; fileRef = FED7BA96212C191700DB9523 /* GBaseModel.swift */; };
		FED7BA99212C199300DB9523 /* GNavigationVM.swift in Sources */ = {isa = PBXBuildFile; fileRef = FED7BA98212C199300DB9523 /* GNavigationVM.swift */; };
		FED7BA9D212C1A1F00DB9523 /* GIntrodutionView.swift in Sources */ = {isa = PBXBuildFile; fileRef = FED7BA9B212C1A1F00DB9523 /* GIntrodutionView.swift */; };
		FED7BA9E212C1A1F00DB9523 /* GIntrodutionView.xib in Resources */ = {isa = PBXBuildFile; fileRef = FED7BA9C212C1A1F00DB9523 /* GIntrodutionView.xib */; };
		FED7BAAC212C1AAE00DB9523 /* UIView.swift in Sources */ = {isa = PBXBuildFile; fileRef = FED7BAA0212C1AAE00DB9523 /* UIView.swift */; };
		FED7BAAD212C1AAE00DB9523 /* Collection.swift in Sources */ = {isa = PBXBuildFile; fileRef = FED7BAA1212C1AAE00DB9523 /* Collection.swift */; };
		FED7BAAE212C1AAE00DB9523 /* UIColor.swift in Sources */ = {isa = PBXBuildFile; fileRef = FED7BAA2212C1AAE00DB9523 /* UIColor.swift */; };
		FED7BAAF212C1AAE00DB9523 /* UITableViewExtension.swift in Sources */ = {isa = PBXBuildFile; fileRef = FED7BAA3212C1AAE00DB9523 /* UITableViewExtension.swift */; };
		FED7BAB0212C1AAE00DB9523 /* NSObject.swift in Sources */ = {isa = PBXBuildFile; fileRef = FED7BAA4212C1AAE00DB9523 /* NSObject.swift */; };
		FED7BAB1212C1AAE00DB9523 /* UITextField.swift in Sources */ = {isa = PBXBuildFile; fileRef = FED7BAA5212C1AAE00DB9523 /* UITextField.swift */; };
		FED7BAB2212C1AAE00DB9523 /* UIViewExtensions.swift in Sources */ = {isa = PBXBuildFile; fileRef = FED7BAA6212C1AAE00DB9523 /* UIViewExtensions.swift */; };
		FED7BAB3212C1AAE00DB9523 /* String.swift in Sources */ = {isa = PBXBuildFile; fileRef = FED7BAA7212C1AAE00DB9523 /* String.swift */; };
		FED7BAB4212C1AAE00DB9523 /* UIImage.swift in Sources */ = {isa = PBXBuildFile; fileRef = FED7BAA8212C1AAE00DB9523 /* UIImage.swift */; };
		FED7BAB5212C1AAE00DB9523 /* UIViewController.swift in Sources */ = {isa = PBXBuildFile; fileRef = FED7BAA9212C1AAE00DB9523 /* UIViewController.swift */; };
		FED7BAB6212C1AAE00DB9523 /* UIImageView.swift in Sources */ = {isa = PBXBuildFile; fileRef = FED7BAAA212C1AAE00DB9523 /* UIImageView.swift */; };
		FED7BAB7212C1AAE00DB9523 /* UIApplication.swift in Sources */ = {isa = PBXBuildFile; fileRef = FED7BAAB212C1AAE00DB9523 /* UIApplication.swift */; };
/* End PBXBuildFile section */

/* Begin PBXFileReference section */
		22145EC71109275F6348C1A3 /* Pods-Gymnastic.release.xcconfig */ = {isa = PBXFileReference; includeInIndex = 1; lastKnownFileType = text.xcconfig; name = "Pods-Gymnastic.release.xcconfig"; path = "Pods/Target Support Files/Pods-Gymnastic/Pods-Gymnastic.release.xcconfig"; sourceTree = "<group>"; };
		D28E17BC473277081BED33CD /* Pods-Gymnastic.debug.xcconfig */ = {isa = PBXFileReference; includeInIndex = 1; lastKnownFileType = text.xcconfig; name = "Pods-Gymnastic.debug.xcconfig"; path = "Pods/Target Support Files/Pods-Gymnastic/Pods-Gymnastic.debug.xcconfig"; sourceTree = "<group>"; };
		D5F1499FAFF56A7626CE579E /* Pods_Gymnastic.framework */ = {isa = PBXFileReference; explicitFileType = wrapper.framework; includeInIndex = 0; path = Pods_Gymnastic.framework; sourceTree = BUILT_PRODUCTS_DIR; };
		E60502D72133E79C00044FF0 /* GExerciseDetail.swift */ = {isa = PBXFileReference; lastKnownFileType = sourcecode.swift; path = GExerciseDetail.swift; sourceTree = "<group>"; };
		E60502D82133E79C00044FF0 /* GExerciseDetail.xib */ = {isa = PBXFileReference; lastKnownFileType = file.xib; path = GExerciseDetail.xib; sourceTree = "<group>"; };
		E60502DB2133EC4000044FF0 /* GNavigation+ExerciseView.swift */ = {isa = PBXFileReference; lastKnownFileType = sourcecode.swift; path = "GNavigation+ExerciseView.swift"; sourceTree = "<group>"; };
		E63AC3A121339FA2005983A1 /* GExerciseCell.swift */ = {isa = PBXFileReference; lastKnownFileType = sourcecode.swift; path = GExerciseCell.swift; sourceTree = "<group>"; };
		E63AC3A221339FA2005983A1 /* GExerciseCell.xib */ = {isa = PBXFileReference; lastKnownFileType = file.xib; path = GExerciseCell.xib; sourceTree = "<group>"; };
		E69F6490212FA82D00E7C167 /* GExerciseView.swift */ = {isa = PBXFileReference; lastKnownFileType = sourcecode.swift; path = GExerciseView.swift; sourceTree = "<group>"; };
		E69F6491212FA82D00E7C167 /* GExerciseView.xib */ = {isa = PBXFileReference; lastKnownFileType = file.xib; path = GExerciseView.xib; sourceTree = "<group>"; };
		E69F6497212FAE9B00E7C167 /* GIndicatorTabView.swift */ = {isa = PBXFileReference; lastKnownFileType = sourcecode.swift; path = GIndicatorTabView.swift; sourceTree = "<group>"; };
		E69F649B212FB0A200E7C167 /* GConstant.swift */ = {isa = PBXFileReference; lastKnownFileType = sourcecode.swift; path = GConstant.swift; sourceTree = "<group>"; };
		E69F649D212FC3CE00E7C167 /* GNavigation+GymView.swift */ = {isa = PBXFileReference; lastKnownFileType = sourcecode.swift; path = "GNavigation+GymView.swift"; sourceTree = "<group>"; };
		E6C441AE212EB9BB008AE44A /* en */ = {isa = PBXFileReference; lastKnownFileType = text.plist.strings; name = en; path = en.lproj/Localizable.strings; sourceTree = "<group>"; };
		E6C441B0212EBA00008AE44A /* Base */ = {isa = PBXFileReference; lastKnownFileType = text.plist.strings; name = Base; path = Base.lproj/Localizable.strings; sourceTree = "<group>"; };
		FE5EA228212D3D3900501B9C /* GTabbarController.swift */ = {isa = PBXFileReference; lastKnownFileType = sourcecode.swift; path = GTabbarController.swift; sourceTree = "<group>"; };
		FE5EA22A212D3DAE00501B9C /* GGymView.swift */ = {isa = PBXFileReference; lastKnownFileType = sourcecode.swift; path = GGymView.swift; sourceTree = "<group>"; };
		FE5EA22B212D3DAE00501B9C /* GGymView.xib */ = {isa = PBXFileReference; lastKnownFileType = file.xib; path = GGymView.xib; sourceTree = "<group>"; };
		FE5EA230212D3DDE00501B9C /* GHistoryView.swift */ = {isa = PBXFileReference; lastKnownFileType = sourcecode.swift; path = GHistoryView.swift; sourceTree = "<group>"; };
		FE5EA231212D3DDE00501B9C /* GHistoryView.xib */ = {isa = PBXFileReference; lastKnownFileType = file.xib; path = GHistoryView.xib; sourceTree = "<group>"; };
		FE5EA236212D3E0E00501B9C /* GReportView.swift */ = {isa = PBXFileReference; lastKnownFileType = sourcecode.swift; path = GReportView.swift; sourceTree = "<group>"; };
		FE5EA237212D3E0E00501B9C /* GReportView.xib */ = {isa = PBXFileReference; lastKnownFileType = file.xib; path = GReportView.xib; sourceTree = "<group>"; };
		FE5EA23A212D3EEF00501B9C /* GCardioView.swift */ = {isa = PBXFileReference; lastKnownFileType = sourcecode.swift; path = GCardioView.swift; sourceTree = "<group>"; };
		FE5EA23B212D3EEF00501B9C /* GCardioView.xib */ = {isa = PBXFileReference; lastKnownFileType = file.xib; path = GCardioView.xib; sourceTree = "<group>"; };
		FE5EA23E212D3F1800501B9C /* GMainMenuView.swift */ = {isa = PBXFileReference; lastKnownFileType = sourcecode.swift; path = GMainMenuView.swift; sourceTree = "<group>"; };
		FE5EA23F212D3F1800501B9C /* GMainMenuView.xib */ = {isa = PBXFileReference; lastKnownFileType = file.xib; path = GMainMenuView.xib; sourceTree = "<group>"; };
		FE5EA243212D533C00501B9C /* GMainMenuTableCell.swift */ = {isa = PBXFileReference; lastKnownFileType = sourcecode.swift; path = GMainMenuTableCell.swift; sourceTree = "<group>"; };
		FE5EA244212D533C00501B9C /* GMainMenuTableCell.xib */ = {isa = PBXFileReference; lastKnownFileType = file.xib; path = GMainMenuTableCell.xib; sourceTree = "<group>"; };
		FEB81F8F212E581700BCC78D /* GEnum.swift */ = {isa = PBXFileReference; lastKnownFileType = sourcecode.swift; path = GEnum.swift; sourceTree = "<group>"; };
		FEB81F92212E5B5A00BCC78D /* GNavigation+MainMenuVM.swift */ = {isa = PBXFileReference; lastKnownFileType = sourcecode.swift; path = "GNavigation+MainMenuVM.swift"; sourceTree = "<group>"; };
		FEB81F95212E619C00BCC78D /* GSynchronizeView.swift */ = {isa = PBXFileReference; lastKnownFileType = sourcecode.swift; path = GSynchronizeView.swift; sourceTree = "<group>"; };
		FEB81F96212E619C00BCC78D /* GSynchronizeView.xib */ = {isa = PBXFileReference; lastKnownFileType = file.xib; path = GSynchronizeView.xib; sourceTree = "<group>"; };
		FEB81F9A212E6ACD00BCC78D /* GGymCollectionCell.swift */ = {isa = PBXFileReference; lastKnownFileType = sourcecode.swift; path = GGymCollectionCell.swift; sourceTree = "<group>"; };
		FEB81F9B212E6ACD00BCC78D /* GGymCollectionCell.xib */ = {isa = PBXFileReference; lastKnownFileType = file.xib; path = GGymCollectionCell.xib; sourceTree = "<group>"; };
		FED7BA7A212C0A8C00DB9523 /* Gymnastic.app */ = {isa = PBXFileReference; explicitFileType = wrapper.application; includeInIndex = 0; path = Gymnastic.app; sourceTree = BUILT_PRODUCTS_DIR; };
		FED7BA7D212C0A8C00DB9523 /* AppDelegate.swift */ = {isa = PBXFileReference; lastKnownFileType = sourcecode.swift; path = AppDelegate.swift; sourceTree = "<group>"; };
		FED7BA84212C0A8E00DB9523 /* Assets.xcassets */ = {isa = PBXFileReference; lastKnownFileType = folder.assetcatalog; path = Assets.xcassets; sourceTree = "<group>"; };
		FED7BA87212C0A8E00DB9523 /* Base */ = {isa = PBXFileReference; lastKnownFileType = file.storyboard; name = Base; path = Base.lproj/LaunchScreen.storyboard; sourceTree = "<group>"; };
		FED7BA89212C0A8E00DB9523 /* Info.plist */ = {isa = PBXFileReference; lastKnownFileType = text.plist.xml; path = Info.plist; sourceTree = "<group>"; };
		FED7BA92212C18F500DB9523 /* GBaseView.swift */ = {isa = PBXFileReference; lastKnownFileType = sourcecode.swift; path = GBaseView.swift; sourceTree = "<group>"; };
		FED7BA94212C190800DB9523 /* GBaseViewModel.swift */ = {isa = PBXFileReference; lastKnownFileType = sourcecode.swift; path = GBaseViewModel.swift; sourceTree = "<group>"; };
		FED7BA96212C191700DB9523 /* GBaseModel.swift */ = {isa = PBXFileReference; lastKnownFileType = sourcecode.swift; path = GBaseModel.swift; sourceTree = "<group>"; };
		FED7BA98212C199300DB9523 /* GNavigationVM.swift */ = {isa = PBXFileReference; lastKnownFileType = sourcecode.swift; path = GNavigationVM.swift; sourceTree = "<group>"; };
		FED7BA9B212C1A1F00DB9523 /* GIntrodutionView.swift */ = {isa = PBXFileReference; lastKnownFileType = sourcecode.swift; path = GIntrodutionView.swift; sourceTree = "<group>"; };
		FED7BA9C212C1A1F00DB9523 /* GIntrodutionView.xib */ = {isa = PBXFileReference; lastKnownFileType = file.xib; path = GIntrodutionView.xib; sourceTree = "<group>"; };
		FED7BAA0212C1AAE00DB9523 /* UIView.swift */ = {isa = PBXFileReference; fileEncoding = 4; lastKnownFileType = sourcecode.swift; path = UIView.swift; sourceTree = "<group>"; };
		FED7BAA1212C1AAE00DB9523 /* Collection.swift */ = {isa = PBXFileReference; fileEncoding = 4; lastKnownFileType = sourcecode.swift; path = Collection.swift; sourceTree = "<group>"; };
		FED7BAA2212C1AAE00DB9523 /* UIColor.swift */ = {isa = PBXFileReference; fileEncoding = 4; lastKnownFileType = sourcecode.swift; path = UIColor.swift; sourceTree = "<group>"; };
		FED7BAA3212C1AAE00DB9523 /* UITableViewExtension.swift */ = {isa = PBXFileReference; fileEncoding = 4; lastKnownFileType = sourcecode.swift; path = UITableViewExtension.swift; sourceTree = "<group>"; };
		FED7BAA4212C1AAE00DB9523 /* NSObject.swift */ = {isa = PBXFileReference; fileEncoding = 4; lastKnownFileType = sourcecode.swift; path = NSObject.swift; sourceTree = "<group>"; };
		FED7BAA5212C1AAE00DB9523 /* UITextField.swift */ = {isa = PBXFileReference; fileEncoding = 4; lastKnownFileType = sourcecode.swift; path = UITextField.swift; sourceTree = "<group>"; };
		FED7BAA6212C1AAE00DB9523 /* UIViewExtensions.swift */ = {isa = PBXFileReference; fileEncoding = 4; lastKnownFileType = sourcecode.swift; path = UIViewExtensions.swift; sourceTree = "<group>"; };
		FED7BAA7212C1AAE00DB9523 /* String.swift */ = {isa = PBXFileReference; fileEncoding = 4; lastKnownFileType = sourcecode.swift; path = String.swift; sourceTree = "<group>"; };
		FED7BAA8212C1AAE00DB9523 /* UIImage.swift */ = {isa = PBXFileReference; fileEncoding = 4; lastKnownFileType = sourcecode.swift; path = UIImage.swift; sourceTree = "<group>"; };
		FED7BAA9212C1AAE00DB9523 /* UIViewController.swift */ = {isa = PBXFileReference; fileEncoding = 4; lastKnownFileType = sourcecode.swift; path = UIViewController.swift; sourceTree = "<group>"; };
		FED7BAAA212C1AAE00DB9523 /* UIImageView.swift */ = {isa = PBXFileReference; fileEncoding = 4; lastKnownFileType = sourcecode.swift; path = UIImageView.swift; sourceTree = "<group>"; };
		FED7BAAB212C1AAE00DB9523 /* UIApplication.swift */ = {isa = PBXFileReference; fileEncoding = 4; lastKnownFileType = sourcecode.swift; path = UIApplication.swift; sourceTree = "<group>"; };
/* End PBXFileReference section */

/* Begin PBXFrameworksBuildPhase section */
		FED7BA77212C0A8C00DB9523 /* Frameworks */ = {
			isa = PBXFrameworksBuildPhase;
			buildActionMask = 2147483647;
			files = (
				91D09BC06704464A66CAA87F /* Pods_Gymnastic.framework in Frameworks */,
			);
			runOnlyForDeploymentPostprocessing = 0;
		};
/* End PBXFrameworksBuildPhase section */

/* Begin PBXGroup section */
		487110D4022951BE325721BF /* Frameworks */ = {
			isa = PBXGroup;
			children = (
				D5F1499FAFF56A7626CE579E /* Pods_Gymnastic.framework */,
			);
			name = Frameworks;
			sourceTree = "<group>";
		};
		8165205F0B7994E55D7AB05F /* Pods */ = {
			isa = PBXGroup;
			children = (
				D28E17BC473277081BED33CD /* Pods-Gymnastic.debug.xcconfig */,
				22145EC71109275F6348C1A3 /* Pods-Gymnastic.release.xcconfig */,
			);
			name = Pods;
			sourceTree = "<group>";
		};
		E60502D62133E76800044FF0 /* Detail */ = {
			isa = PBXGroup;
			children = (
				E60502D72133E79C00044FF0 /* GExerciseDetail.swift */,
				E60502D82133E79C00044FF0 /* GExerciseDetail.xib */,
			);
			path = Detail;
			sourceTree = "<group>";
		};
		E63AC3A021339F6D005983A1 /* Cell */ = {
			isa = PBXGroup;
			children = (
				E63AC3A121339FA2005983A1 /* GExerciseCell.swift */,
				E63AC3A221339FA2005983A1 /* GExerciseCell.xib */,
			);
			path = Cell;
			sourceTree = "<group>";
		};
		E69F648F212FA78C00E7C167 /* Exercise */ = {
			isa = PBXGroup;
			children = (
				E60502D62133E76800044FF0 /* Detail */,
				E63AC3A021339F6D005983A1 /* Cell */,
				E69F6490212FA82D00E7C167 /* GExerciseView.swift */,
				E69F6491212FA82D00E7C167 /* GExerciseView.xib */,
				E60502DB2133EC4000044FF0 /* GNavigation+ExerciseView.swift */,
			);
			path = Exercise;
			sourceTree = "<group>";
		};
		E69F6494212FAE5C00E7C167 /* Common */ = {
			isa = PBXGroup;
			children = (
				E69F6495212FAE6A00E7C167 /* View */,
			);
			path = Common;
			sourceTree = "<group>";
		};
		E69F6495212FAE6A00E7C167 /* View */ = {
			isa = PBXGroup;
			children = (
				E69F6497212FAE9B00E7C167 /* GIndicatorTabView.swift */,
			);
			path = View;
			sourceTree = "<group>";
		};
		E69F6496212FAE7600E7C167 /* Enum */ = {
			isa = PBXGroup;
			children = (
				FEB81F8F212E581700BCC78D /* GEnum.swift */,
			);
			path = Enum;
			sourceTree = "<group>";
		};
		E69F6499212FB07400E7C167 /* Constant */ = {
			isa = PBXGroup;
			children = (
				E69F649B212FB0A200E7C167 /* GConstant.swift */,
			);
			path = Constant;
			sourceTree = "<group>";
		};
		FE5EA22E212D3DB200501B9C /* Gym */ = {
			isa = PBXGroup;
			children = (
				FEB81F99212E67D200BCC78D /* Cell */,
				FE5EA22A212D3DAE00501B9C /* GGymView.swift */,
				FE5EA22B212D3DAE00501B9C /* GGymView.xib */,
				E69F649D212FC3CE00E7C167 /* GNavigation+GymView.swift */,
			);
			path = Gym;
			sourceTree = "<group>";
		};
		FE5EA22F212D3DC000501B9C /* Cardio */ = {
			isa = PBXGroup;
			children = (
				FE5EA23A212D3EEF00501B9C /* GCardioView.swift */,
				FE5EA23B212D3EEF00501B9C /* GCardioView.xib */,
			);
			path = Cardio;
			sourceTree = "<group>";
		};
		FE5EA234212D3DE900501B9C /* History */ = {
			isa = PBXGroup;
			children = (
				FE5EA230212D3DDE00501B9C /* GHistoryView.swift */,
				FE5EA231212D3DDE00501B9C /* GHistoryView.xib */,
			);
			path = History;
			sourceTree = "<group>";
		};
		FE5EA235212D3DF800501B9C /* Report */ = {
			isa = PBXGroup;
			children = (
				FE5EA236212D3E0E00501B9C /* GReportView.swift */,
				FE5EA237212D3E0E00501B9C /* GReportView.xib */,
			);
			path = Report;
			sourceTree = "<group>";
		};
		FE5EA242212D3F1C00501B9C /* MainMenu */ = {
			isa = PBXGroup;
			children = (
				FE5EA23E212D3F1800501B9C /* GMainMenuView.swift */,
				FE5EA23F212D3F1800501B9C /* GMainMenuView.xib */,
				FEB81F92212E5B5A00BCC78D /* GNavigation+MainMenuVM.swift */,
				FEB81F91212E59F800BCC78D /* Cell */,
			);
			path = MainMenu;
			sourceTree = "<group>";
		};
		FEB81F91212E59F800BCC78D /* Cell */ = {
			isa = PBXGroup;
			children = (
				FE5EA243212D533C00501B9C /* GMainMenuTableCell.swift */,
				FE5EA244212D533C00501B9C /* GMainMenuTableCell.xib */,
			);
			path = Cell;
			sourceTree = "<group>";
		};
		FEB81F94212E5FD600BCC78D /* Synchronize */ = {
			isa = PBXGroup;
			children = (
				FEB81F95212E619C00BCC78D /* GSynchronizeView.swift */,
				FEB81F96212E619C00BCC78D /* GSynchronizeView.xib */,
			);
			path = Synchronize;
			sourceTree = "<group>";
		};
		FEB81F99212E67D200BCC78D /* Cell */ = {
			isa = PBXGroup;
			children = (
				FEB81F9A212E6ACD00BCC78D /* GGymCollectionCell.swift */,
				FEB81F9B212E6ACD00BCC78D /* GGymCollectionCell.xib */,
			);
			path = Cell;
			sourceTree = "<group>";
		};
		FED7BA71212C0A8C00DB9523 = {
			isa = PBXGroup;
			children = (
				FED7BA7C212C0A8C00DB9523 /* Gymnastic */,
				FED7BA7B212C0A8C00DB9523 /* Products */,
				8165205F0B7994E55D7AB05F /* Pods */,
				487110D4022951BE325721BF /* Frameworks */,
			);
			sourceTree = "<group>";
		};
		FED7BA7B212C0A8C00DB9523 /* Products */ = {
			isa = PBXGroup;
			children = (
				FED7BA7A212C0A8C00DB9523 /* Gymnastic.app */,
			);
			name = Products;
			sourceTree = "<group>";
		};
		FED7BA7C212C0A8C00DB9523 /* Gymnastic */ = {
			isa = PBXGroup;
			children = (
				E69F6499212FB07400E7C167 /* Constant */,
				E69F6496212FAE7600E7C167 /* Enum */,
				E69F6494212FAE5C00E7C167 /* Common */,
				FED7BA9F212C1AAE00DB9523 /* Extension */,
				FED7BA91212C180600DB9523 /* ViewModel */,
				FED7BA90212C17FF00DB9523 /* View */,
				FED7BA8F212C17FA00DB9523 /* Model */,
				FED7BA7D212C0A8C00DB9523 /* AppDelegate.swift */,
				FED7BA84212C0A8E00DB9523 /* Assets.xcassets */,
				FED7BA86212C0A8E00DB9523 /* LaunchScreen.storyboard */,
				FED7BA89212C0A8E00DB9523 /* Info.plist */,
				E6C441AF212EB9BB008AE44A /* Localizable.strings */,
			);
			path = Gymnastic;
			sourceTree = "<group>";
		};
		FED7BA8F212C17FA00DB9523 /* Model */ = {
			isa = PBXGroup;
			children = (
				FED7BA96212C191700DB9523 /* GBaseModel.swift */,
			);
			path = Model;
			sourceTree = "<group>";
		};
		FED7BA90212C17FF00DB9523 /* View */ = {
			isa = PBXGroup;
			children = (
				E69F648F212FA78C00E7C167 /* Exercise */,
				FEB81F94212E5FD600BCC78D /* Synchronize */,
				FE5EA22E212D3DB200501B9C /* Gym */,
				FE5EA22F212D3DC000501B9C /* Cardio */,
				FE5EA234212D3DE900501B9C /* History */,
				FE5EA235212D3DF800501B9C /* Report */,
				FED7BA9A212C19FD00DB9523 /* Introduction */,
				FE5EA242212D3F1C00501B9C /* MainMenu */,
				FED7BA92212C18F500DB9523 /* GBaseView.swift */,
				FE5EA228212D3D3900501B9C /* GTabbarController.swift */,
			);
			path = View;
			sourceTree = "<group>";
		};
		FED7BA91212C180600DB9523 /* ViewModel */ = {
			isa = PBXGroup;
			children = (
				FED7BA94212C190800DB9523 /* GBaseViewModel.swift */,
				FED7BA98212C199300DB9523 /* GNavigationVM.swift */,
			);
			path = ViewModel;
			sourceTree = "<group>";
		};
		FED7BA9A212C19FD00DB9523 /* Introduction */ = {
			isa = PBXGroup;
			children = (
				FED7BA9B212C1A1F00DB9523 /* GIntrodutionView.swift */,
				FED7BA9C212C1A1F00DB9523 /* GIntrodutionView.xib */,
			);
			path = Introduction;
			sourceTree = "<group>";
		};
		FED7BA9F212C1AAE00DB9523 /* Extension */ = {
			isa = PBXGroup;
			children = (
				FED7BAA0212C1AAE00DB9523 /* UIView.swift */,
				FED7BAA1212C1AAE00DB9523 /* Collection.swift */,
				FED7BAA2212C1AAE00DB9523 /* UIColor.swift */,
				FED7BAA3212C1AAE00DB9523 /* UITableViewExtension.swift */,
				FED7BAA4212C1AAE00DB9523 /* NSObject.swift */,
				FED7BAA5212C1AAE00DB9523 /* UITextField.swift */,
				FED7BAA6212C1AAE00DB9523 /* UIViewExtensions.swift */,
				FED7BAA7212C1AAE00DB9523 /* String.swift */,
				FED7BAA8212C1AAE00DB9523 /* UIImage.swift */,
				FED7BAA9212C1AAE00DB9523 /* UIViewController.swift */,
				FED7BAAA212C1AAE00DB9523 /* UIImageView.swift */,
				FED7BAAB212C1AAE00DB9523 /* UIApplication.swift */,
			);
			path = Extension;
			sourceTree = "<group>";
		};
/* End PBXGroup section */

/* Begin PBXNativeTarget section */
		FED7BA79212C0A8C00DB9523 /* Gymnastic */ = {
			isa = PBXNativeTarget;
			buildConfigurationList = FED7BA8C212C0A8E00DB9523 /* Build configuration list for PBXNativeTarget "Gymnastic" */;
			buildPhases = (
				8FDBCCC0526A20EC6275798F /* [CP] Check Pods Manifest.lock */,
				FED7BA76212C0A8C00DB9523 /* Sources */,
				FED7BA77212C0A8C00DB9523 /* Frameworks */,
				FED7BA78212C0A8C00DB9523 /* Resources */,
				E4660F56F87AC8FA71530C21 /* [CP] Embed Pods Frameworks */,
			);
			buildRules = (
			);
			dependencies = (
			);
			name = Gymnastic;
			productName = Gymnastic;
			productReference = FED7BA7A212C0A8C00DB9523 /* Gymnastic.app */;
			productType = "com.apple.product-type.application";
		};
/* End PBXNativeTarget section */

/* Begin PBXProject section */
		FED7BA72212C0A8C00DB9523 /* Project object */ = {
			isa = PBXProject;
			attributes = {
				LastSwiftUpdateCheck = 0940;
				LastUpgradeCheck = 0940;
				ORGANIZATIONNAME = Gymnastic;
				TargetAttributes = {
					FED7BA79212C0A8C00DB9523 = {
						CreatedOnToolsVersion = 9.4.1;
					};
				};
			};
			buildConfigurationList = FED7BA75212C0A8C00DB9523 /* Build configuration list for PBXProject "Gymnastic" */;
			compatibilityVersion = "Xcode 9.3";
			developmentRegion = en;
			hasScannedForEncodings = 0;
			knownRegions = (
				en,
				Base,
			);
			mainGroup = FED7BA71212C0A8C00DB9523;
			productRefGroup = FED7BA7B212C0A8C00DB9523 /* Products */;
			projectDirPath = "";
			projectRoot = "";
			targets = (
				FED7BA79212C0A8C00DB9523 /* Gymnastic */,
			);
		};
/* End PBXProject section */

/* Begin PBXResourcesBuildPhase section */
		FED7BA78212C0A8C00DB9523 /* Resources */ = {
			isa = PBXResourcesBuildPhase;
			buildActionMask = 2147483647;
			files = (
				FE5EA23D212D3EEF00501B9C /* GCardioView.xib in Resources */,
				E6C441AD212EB9BB008AE44A /* Localizable.strings in Resources */,
				FE5EA22D212D3DAE00501B9C /* GGymView.xib in Resources */,
				E63AC3A421339FA2005983A1 /* GExerciseCell.xib in Resources */,
				FED7BA88212C0A8E00DB9523 /* LaunchScreen.storyboard in Resources */,
				E60502DA2133E79C00044FF0 /* GExerciseDetail.xib in Resources */,
				FE5EA239212D3E0E00501B9C /* GReportView.xib in Resources */,
				FED7BA85212C0A8E00DB9523 /* Assets.xcassets in Resources */,
				FEB81F98212E619C00BCC78D /* GSynchronizeView.xib in Resources */,
				FE5EA246212D533C00501B9C /* GMainMenuTableCell.xib in Resources */,
				FED7BA9E212C1A1F00DB9523 /* GIntrodutionView.xib in Resources */,
				E69F6493212FA82D00E7C167 /* GExerciseView.xib in Resources */,
				FE5EA241212D3F1800501B9C /* GMainMenuView.xib in Resources */,
				FEB81F9D212E6ACD00BCC78D /* GGymCollectionCell.xib in Resources */,
				FE5EA233212D3DDE00501B9C /* GHistoryView.xib in Resources */,
			);
			runOnlyForDeploymentPostprocessing = 0;
		};
/* End PBXResourcesBuildPhase section */

/* Begin PBXShellScriptBuildPhase section */
		8FDBCCC0526A20EC6275798F /* [CP] Check Pods Manifest.lock */ = {
			isa = PBXShellScriptBuildPhase;
			buildActionMask = 2147483647;
			files = (
			);
			inputPaths = (
				"${PODS_PODFILE_DIR_PATH}/Podfile.lock",
				"${PODS_ROOT}/Manifest.lock",
			);
			name = "[CP] Check Pods Manifest.lock";
			outputPaths = (
				"$(DERIVED_FILE_DIR)/Pods-Gymnastic-checkManifestLockResult.txt",
			);
			runOnlyForDeploymentPostprocessing = 0;
			shellPath = /bin/sh;
			shellScript = "diff \"${PODS_PODFILE_DIR_PATH}/Podfile.lock\" \"${PODS_ROOT}/Manifest.lock\" > /dev/null\nif [ $? != 0 ] ; then\n    # print error to STDERR\n    echo \"error: The sandbox is not in sync with the Podfile.lock. Run 'pod install' or update your CocoaPods installation.\" >&2\n    exit 1\nfi\n# This output is used by Xcode 'outputs' to avoid re-running this script phase.\necho \"SUCCESS\" > \"${SCRIPT_OUTPUT_FILE_0}\"\n";
			showEnvVarsInLog = 0;
		};
		E4660F56F87AC8FA71530C21 /* [CP] Embed Pods Frameworks */ = {
			isa = PBXShellScriptBuildPhase;
			buildActionMask = 2147483647;
			files = (
			);
			inputPaths = (
				"${SRCROOT}/Pods/Target Support Files/Pods-Gymnastic/Pods-Gymnastic-frameworks.sh",
				"${BUILT_PRODUCTS_DIR}/Alamofire/Alamofire.framework",
				"${BUILT_PRODUCTS_DIR}/ObjectMapper/ObjectMapper.framework",
				"${BUILT_PRODUCTS_DIR}/Realm/Realm.framework",
				"${BUILT_PRODUCTS_DIR}/RealmSwift/RealmSwift.framework",
				"${BUILT_PRODUCTS_DIR}/RxCocoa/RxCocoa.framework",
				"${BUILT_PRODUCTS_DIR}/RxSwift/RxSwift.framework",
				"${BUILT_PRODUCTS_DIR}/SVProgressHUD/SVProgressHUD.framework",
				"${BUILT_PRODUCTS_DIR}/youtube-ios-player-helper/youtube_ios_player_helper.framework",
			);
			name = "[CP] Embed Pods Frameworks";
			outputPaths = (
				"${TARGET_BUILD_DIR}/${FRAMEWORKS_FOLDER_PATH}/Alamofire.framework",
				"${TARGET_BUILD_DIR}/${FRAMEWORKS_FOLDER_PATH}/ObjectMapper.framework",
				"${TARGET_BUILD_DIR}/${FRAMEWORKS_FOLDER_PATH}/Realm.framework",
				"${TARGET_BUILD_DIR}/${FRAMEWORKS_FOLDER_PATH}/RealmSwift.framework",
				"${TARGET_BUILD_DIR}/${FRAMEWORKS_FOLDER_PATH}/RxCocoa.framework",
				"${TARGET_BUILD_DIR}/${FRAMEWORKS_FOLDER_PATH}/RxSwift.framework",
				"${TARGET_BUILD_DIR}/${FRAMEWORKS_FOLDER_PATH}/SVProgressHUD.framework",
				"${TARGET_BUILD_DIR}/${FRAMEWORKS_FOLDER_PATH}/youtube_ios_player_helper.framework",
			);
			runOnlyForDeploymentPostprocessing = 0;
			shellPath = /bin/sh;
			shellScript = "\"${SRCROOT}/Pods/Target Support Files/Pods-Gymnastic/Pods-Gymnastic-frameworks.sh\"\n";
			showEnvVarsInLog = 0;
		};
/* End PBXShellScriptBuildPhase section */

/* Begin PBXSourcesBuildPhase section */
		FED7BA76212C0A8C00DB9523 /* Sources */ = {
			isa = PBXSourcesBuildPhase;
			buildActionMask = 2147483647;
			files = (
				E69F6492212FA82D00E7C167 /* GExerciseView.swift in Sources */,
				FED7BAB7212C1AAE00DB9523 /* UIApplication.swift in Sources */,
				E60502DC2133EC4000044FF0 /* GNavigation+ExerciseView.swift in Sources */,
				FEB81F9C212E6ACD00BCC78D /* GGymCollectionCell.swift in Sources */,
				FED7BA93212C18F500DB9523 /* GBaseView.swift in Sources */,
				FE5EA229212D3D3900501B9C /* GTabbarController.swift in Sources */,
				FED7BAB0212C1AAE00DB9523 /* NSObject.swift in Sources */,
				FED7BAAF212C1AAE00DB9523 /* UITableViewExtension.swift in Sources */,
				FED7BAB2212C1AAE00DB9523 /* UIViewExtensions.swift in Sources */,
				FED7BAB3212C1AAE00DB9523 /* String.swift in Sources */,
				FEB81F97212E619C00BCC78D /* GSynchronizeView.swift in Sources */,
				FED7BA95212C190800DB9523 /* GBaseViewModel.swift in Sources */,
				FE5EA22C212D3DAE00501B9C /* GGymView.swift in Sources */,
				E69F6498212FAE9B00E7C167 /* GIndicatorTabView.swift in Sources */,
				E60502D92133E79C00044FF0 /* GExerciseDetail.swift in Sources */,
				FED7BAB4212C1AAE00DB9523 /* UIImage.swift in Sources */,
				FE5EA240212D3F1800501B9C /* GMainMenuView.swift in Sources */,
				E69F649E212FC3CE00E7C167 /* GNavigation+GymView.swift in Sources */,
				FED7BA99212C199300DB9523 /* GNavigationVM.swift in Sources */,
				FED7BAAC212C1AAE00DB9523 /* UIView.swift in Sources */,
				FED7BAAE212C1AAE00DB9523 /* UIColor.swift in Sources */,
				FED7BA9D212C1A1F00DB9523 /* GIntrodutionView.swift in Sources */,
				FED7BA97212C191700DB9523 /* GBaseModel.swift in Sources */,
				FE5EA232212D3DDE00501B9C /* GHistoryView.swift in Sources */,
				FED7BA7E212C0A8C00DB9523 /* AppDelegate.swift in Sources */,
				E63AC3A321339FA2005983A1 /* GExerciseCell.swift in Sources */,
				FEB81F90212E581700BCC78D /* GEnum.swift in Sources */,
				FE5EA245212D533C00501B9C /* GMainMenuTableCell.swift in Sources */,
				FED7BAAD212C1AAE00DB9523 /* Collection.swift in Sources */,
				FEB81F93212E5B5A00BCC78D /* GNavigation+MainMenuVM.swift in Sources */,
				FE5EA238212D3E0E00501B9C /* GReportView.swift in Sources */,
				E69F649C212FB0A200E7C167 /* GConstant.swift in Sources */,
				FED7BAB5212C1AAE00DB9523 /* UIViewController.swift in Sources */,
				FE5EA23C212D3EEF00501B9C /* GCardioView.swift in Sources */,
				FED7BAB6212C1AAE00DB9523 /* UIImageView.swift in Sources */,
				FED7BAB1212C1AAE00DB9523 /* UITextField.swift in Sources */,
			);
			runOnlyForDeploymentPostprocessing = 0;
		};
/* End PBXSourcesBuildPhase section */

/* Begin PBXVariantGroup section */
		E6C441AF212EB9BB008AE44A /* Localizable.strings */ = {
			isa = PBXVariantGroup;
			children = (
				E6C441AE212EB9BB008AE44A /* en */,
				E6C441B0212EBA00008AE44A /* Base */,
			);
			name = Localizable.strings;
			sourceTree = "<group>";
		};
		FED7BA86212C0A8E00DB9523 /* LaunchScreen.storyboard */ = {
			isa = PBXVariantGroup;
			children = (
				FED7BA87212C0A8E00DB9523 /* Base */,
			);
			name = LaunchScreen.storyboard;
			sourceTree = "<group>";
		};
/* End PBXVariantGroup section */

/* Begin XCBuildConfiguration section */
		FED7BA8A212C0A8E00DB9523 /* Debug */ = {
			isa = XCBuildConfiguration;
			buildSettings = {
				ALWAYS_SEARCH_USER_PATHS = NO;
				CLANG_ANALYZER_NONNULL = YES;
				CLANG_ANALYZER_NUMBER_OBJECT_CONVERSION = YES_AGGRESSIVE;
				CLANG_CXX_LANGUAGE_STANDARD = "gnu++14";
				CLANG_CXX_LIBRARY = "libc++";
				CLANG_ENABLE_MODULES = YES;
				CLANG_ENABLE_OBJC_ARC = YES;
				CLANG_ENABLE_OBJC_WEAK = YES;
				CLANG_WARN_BLOCK_CAPTURE_AUTORELEASING = YES;
				CLANG_WARN_BOOL_CONVERSION = YES;
				CLANG_WARN_COMMA = YES;
				CLANG_WARN_CONSTANT_CONVERSION = YES;
				CLANG_WARN_DEPRECATED_OBJC_IMPLEMENTATIONS = YES;
				CLANG_WARN_DIRECT_OBJC_ISA_USAGE = YES_ERROR;
				CLANG_WARN_DOCUMENTATION_COMMENTS = YES;
				CLANG_WARN_EMPTY_BODY = YES;
				CLANG_WARN_ENUM_CONVERSION = YES;
				CLANG_WARN_INFINITE_RECURSION = YES;
				CLANG_WARN_INT_CONVERSION = YES;
				CLANG_WARN_NON_LITERAL_NULL_CONVERSION = YES;
				CLANG_WARN_OBJC_IMPLICIT_RETAIN_SELF = YES;
				CLANG_WARN_OBJC_LITERAL_CONVERSION = YES;
				CLANG_WARN_OBJC_ROOT_CLASS = YES_ERROR;
				CLANG_WARN_RANGE_LOOP_ANALYSIS = YES;
				CLANG_WARN_STRICT_PROTOTYPES = YES;
				CLANG_WARN_SUSPICIOUS_MOVE = YES;
				CLANG_WARN_UNGUARDED_AVAILABILITY = YES_AGGRESSIVE;
				CLANG_WARN_UNREACHABLE_CODE = YES;
				CLANG_WARN__DUPLICATE_METHOD_MATCH = YES;
				CODE_SIGN_IDENTITY = "iPhone Developer";
				COPY_PHASE_STRIP = NO;
				DEBUG_INFORMATION_FORMAT = dwarf;
				ENABLE_STRICT_OBJC_MSGSEND = YES;
				ENABLE_TESTABILITY = YES;
				GCC_C_LANGUAGE_STANDARD = gnu11;
				GCC_DYNAMIC_NO_PIC = NO;
				GCC_NO_COMMON_BLOCKS = YES;
				GCC_OPTIMIZATION_LEVEL = 0;
				GCC_PREPROCESSOR_DEFINITIONS = (
					"DEBUG=1",
					"$(inherited)",
				);
				GCC_WARN_64_TO_32_BIT_CONVERSION = YES;
				GCC_WARN_ABOUT_RETURN_TYPE = YES_ERROR;
				GCC_WARN_UNDECLARED_SELECTOR = YES;
				GCC_WARN_UNINITIALIZED_AUTOS = YES_AGGRESSIVE;
				GCC_WARN_UNUSED_FUNCTION = YES;
				GCC_WARN_UNUSED_VARIABLE = YES;
				IPHONEOS_DEPLOYMENT_TARGET = 11.4;
				MTL_ENABLE_DEBUG_INFO = YES;
				ONLY_ACTIVE_ARCH = YES;
				SDKROOT = iphoneos;
				SWIFT_ACTIVE_COMPILATION_CONDITIONS = DEBUG;
				SWIFT_OPTIMIZATION_LEVEL = "-Onone";
			};
			name = Debug;
		};
		FED7BA8B212C0A8E00DB9523 /* Release */ = {
			isa = XCBuildConfiguration;
			buildSettings = {
				ALWAYS_SEARCH_USER_PATHS = NO;
				CLANG_ANALYZER_NONNULL = YES;
				CLANG_ANALYZER_NUMBER_OBJECT_CONVERSION = YES_AGGRESSIVE;
				CLANG_CXX_LANGUAGE_STANDARD = "gnu++14";
				CLANG_CXX_LIBRARY = "libc++";
				CLANG_ENABLE_MODULES = YES;
				CLANG_ENABLE_OBJC_ARC = YES;
				CLANG_ENABLE_OBJC_WEAK = YES;
				CLANG_WARN_BLOCK_CAPTURE_AUTORELEASING = YES;
				CLANG_WARN_BOOL_CONVERSION = YES;
				CLANG_WARN_COMMA = YES;
				CLANG_WARN_CONSTANT_CONVERSION = YES;
				CLANG_WARN_DEPRECATED_OBJC_IMPLEMENTATIONS = YES;
				CLANG_WARN_DIRECT_OBJC_ISA_USAGE = YES_ERROR;
				CLANG_WARN_DOCUMENTATION_COMMENTS = YES;
				CLANG_WARN_EMPTY_BODY = YES;
				CLANG_WARN_ENUM_CONVERSION = YES;
				CLANG_WARN_INFINITE_RECURSION = YES;
				CLANG_WARN_INT_CONVERSION = YES;
				CLANG_WARN_NON_LITERAL_NULL_CONVERSION = YES;
				CLANG_WARN_OBJC_IMPLICIT_RETAIN_SELF = YES;
				CLANG_WARN_OBJC_LITERAL_CONVERSION = YES;
				CLANG_WARN_OBJC_ROOT_CLASS = YES_ERROR;
				CLANG_WARN_RANGE_LOOP_ANALYSIS = YES;
				CLANG_WARN_STRICT_PROTOTYPES = YES;
				CLANG_WARN_SUSPICIOUS_MOVE = YES;
				CLANG_WARN_UNGUARDED_AVAILABILITY = YES_AGGRESSIVE;
				CLANG_WARN_UNREACHABLE_CODE = YES;
				CLANG_WARN__DUPLICATE_METHOD_MATCH = YES;
				CODE_SIGN_IDENTITY = "iPhone Developer";
				COPY_PHASE_STRIP = NO;
				DEBUG_INFORMATION_FORMAT = "dwarf-with-dsym";
				ENABLE_NS_ASSERTIONS = NO;
				ENABLE_STRICT_OBJC_MSGSEND = YES;
				GCC_C_LANGUAGE_STANDARD = gnu11;
				GCC_NO_COMMON_BLOCKS = YES;
				GCC_WARN_64_TO_32_BIT_CONVERSION = YES;
				GCC_WARN_ABOUT_RETURN_TYPE = YES_ERROR;
				GCC_WARN_UNDECLARED_SELECTOR = YES;
				GCC_WARN_UNINITIALIZED_AUTOS = YES_AGGRESSIVE;
				GCC_WARN_UNUSED_FUNCTION = YES;
				GCC_WARN_UNUSED_VARIABLE = YES;
				IPHONEOS_DEPLOYMENT_TARGET = 11.4;
				MTL_ENABLE_DEBUG_INFO = NO;
				SDKROOT = iphoneos;
				SWIFT_COMPILATION_MODE = wholemodule;
				SWIFT_OPTIMIZATION_LEVEL = "-O";
				VALIDATE_PRODUCT = YES;
			};
			name = Release;
		};
		FED7BA8D212C0A8E00DB9523 /* Debug */ = {
			isa = XCBuildConfiguration;
			baseConfigurationReference = D28E17BC473277081BED33CD /* Pods-Gymnastic.debug.xcconfig */;
			buildSettings = {
				ASSETCATALOG_COMPILER_APPICON_NAME = AppIcon;
				CODE_SIGN_IDENTITY = "";
				CODE_SIGN_STYLE = Manual;
				DEVELOPMENT_TEAM = "";
				INFOPLIST_FILE = Gymnastic/Info.plist;
				IPHONEOS_DEPLOYMENT_TARGET = 10.0;
				LD_RUNPATH_SEARCH_PATHS = (
					"$(inherited)",
					"@executable_path/Frameworks",
				);
				PRODUCT_BUNDLE_IDENTIFIER = com.squall.Gymnastic;
				PRODUCT_NAME = "$(TARGET_NAME)";
				PROVISIONING_PROFILE_SPECIFIER = "";
				SWIFT_VERSION = 4.0;
				TARGETED_DEVICE_FAMILY = "1,2";
			};
			name = Debug;
		};
		FED7BA8E212C0A8E00DB9523 /* Release */ = {
			isa = XCBuildConfiguration;
			baseConfigurationReference = 22145EC71109275F6348C1A3 /* Pods-Gymnastic.release.xcconfig */;
			buildSettings = {
				ASSETCATALOG_COMPILER_APPICON_NAME = AppIcon;
				CODE_SIGN_IDENTITY = "";
				CODE_SIGN_STYLE = Manual;
				DEVELOPMENT_TEAM = "";
				INFOPLIST_FILE = Gymnastic/Info.plist;
				IPHONEOS_DEPLOYMENT_TARGET = 10.0;
				LD_RUNPATH_SEARCH_PATHS = (
					"$(inherited)",
					"@executable_path/Frameworks",
				);
				PRODUCT_BUNDLE_IDENTIFIER = com.squall.Gymnastic;
				PRODUCT_NAME = "$(TARGET_NAME)";
				PROVISIONING_PROFILE_SPECIFIER = "";
				SWIFT_VERSION = 4.0;
				TARGETED_DEVICE_FAMILY = "1,2";
			};
			name = Release;
		};
/* End XCBuildConfiguration section */

/* Begin XCConfigurationList section */
		FED7BA75212C0A8C00DB9523 /* Build configuration list for PBXProject "Gymnastic" */ = {
			isa = XCConfigurationList;
			buildConfigurations = (
				FED7BA8A212C0A8E00DB9523 /* Debug */,
				FED7BA8B212C0A8E00DB9523 /* Release */,
			);
			defaultConfigurationIsVisible = 0;
			defaultConfigurationName = Release;
		};
		FED7BA8C212C0A8E00DB9523 /* Build configuration list for PBXNativeTarget "Gymnastic" */ = {
			isa = XCConfigurationList;
			buildConfigurations = (
				FED7BA8D212C0A8E00DB9523 /* Debug */,
				FED7BA8E212C0A8E00DB9523 /* Release */,
			);
			defaultConfigurationIsVisible = 0;
			defaultConfigurationName = Release;
		};
/* End XCConfigurationList section */
	};
	rootObject = FED7BA72212C0A8C00DB9523 /* Project object */;
}
